// !$*UTF8*$!
{
	archiveVersion = 1;
	classes = {
	};
	objectVersion = 48;
	objects = {

/* Begin PBXBuildFile section */
		4B30B2541FC35FEA00533C01 /* Yeetable.swift in Sources */ = {isa = PBXBuildFile; fileRef = 4B30B2531FC35FEA00533C01 /* Yeetable.swift */; };
		4B30B2561FC3606B00533C01 /* Borker.swift in Sources */ = {isa = PBXBuildFile; fileRef = 4B30B2551FC3606B00533C01 /* Borker.swift */; };
		4B89E5F71FCF39A00006CC6A /* InternetDetailViewController.swift in Sources */ = {isa = PBXBuildFile; fileRef = 4B89E5F61FCF39A00006CC6A /* InternetDetailViewController.swift */; };
		4B89E5FA1FCF3B9F0006CC6A /* WebKit.framework in Frameworks */ = {isa = PBXBuildFile; fileRef = 4B89E5F91FCF3B9F0006CC6A /* WebKit.framework */; };
		4BFACFF31FA256E40012358E /* ViewController.swift in Sources */ = {isa = PBXBuildFile; fileRef = 4BFACFF21FA256E40012358E /* ViewController.swift */; };
		4BFACFF61FA256E40012358E /* Main.storyboard in Resources */ = {isa = PBXBuildFile; fileRef = 4BFACFF41FA256E40012358E /* Main.storyboard */; };
		4BFACFF81FA256E40012358E /* Assets.xcassets in Resources */ = {isa = PBXBuildFile; fileRef = 4BFACFF71FA256E40012358E /* Assets.xcassets */; };
		4BFACFFB1FA256E40012358E /* LaunchScreen.storyboard in Resources */ = {isa = PBXBuildFile; fileRef = 4BFACFF91FA256E40012358E /* LaunchScreen.storyboard */; };
		4BFAD0091FA258640012358E /* Default-568h@2x.png in Resources */ = {isa = PBXBuildFile; fileRef = 4BFAD0081FA258640012358E /* Default-568h@2x.png */; };
		4BFAD0191FA25BB30012358E /* AppDelegate.swift in Sources */ = {isa = PBXBuildFile; fileRef = 4BFAD0181FA25BB30012358E /* AppDelegate.swift */; };
		4BFAD01D1FA25D050012358E /* AbstractionController.swift in Sources */ = {isa = PBXBuildFile; fileRef = 4BFAD01C1FA25D050012358E /* AbstractionController.swift */; };
		4BFAD01F1FA25D1D0012358E /* CreativityController.swift in Sources */ = {isa = PBXBuildFile; fileRef = 4BFAD01E1FA25D1D0012358E /* CreativityController.swift */; };
		4BFAD0211FA25D340012358E /* DataController.swift in Sources */ = {isa = PBXBuildFile; fileRef = 4BFAD0201FA25D340012358E /* DataController.swift */; };
		4BFAD0231FA25D480012358E /* AlgorithmsController.swift in Sources */ = {isa = PBXBuildFile; fileRef = 4BFAD0221FA25D480012358E /* AlgorithmsController.swift */; };
		4BFAD0251FA25D5A0012358E /* ProgrammingController.swift in Sources */ = {isa = PBXBuildFile; fileRef = 4BFAD0241FA25D5A0012358E /* ProgrammingController.swift */; };
		4BFAD0271FA25D6A0012358E /* InternetMasterViewController.swift in Sources */ = {isa = PBXBuildFile; fileRef = 4BFAD0261FA25D6A0012358E /* InternetMasterViewController.swift */; };
		4BFAD0291FA25D7B0012358E /* GlobalController.swift in Sources */ = {isa = PBXBuildFile; fileRef = 4BFAD0281FA25D7B0012358E /* GlobalController.swift */; };
/* End PBXBuildFile section */

/* Begin PBXFileReference section */
		4B30B2531FC35FEA00533C01 /* Yeetable.swift */ = {isa = PBXFileReference; lastKnownFileType = sourcecode.swift; path = Yeetable.swift; sourceTree = "<group>"; };
		4B30B2551FC3606B00533C01 /* Borker.swift */ = {isa = PBXFileReference; lastKnownFileType = sourcecode.swift; path = Borker.swift; sourceTree = "<group>"; };
		4B89E5F61FCF39A00006CC6A /* InternetDetailViewController.swift */ = {isa = PBXFileReference; lastKnownFileType = sourcecode.swift; path = InternetDetailViewController.swift; sourceTree = "<group>"; };
		4B89E5F91FCF3B9F0006CC6A /* WebKit.framework */ = {isa = PBXFileReference; lastKnownFileType = wrapper.framework; name = WebKit.framework; path = System/Library/Frameworks/WebKit.framework; sourceTree = SDKROOT; };
		4BFACFED1FA256E40012358E /* Dakota_CSP.app */ = {isa = PBXFileReference; explicitFileType = wrapper.application; includeInIndex = 0; path = Dakota_CSP.app; sourceTree = BUILT_PRODUCTS_DIR; };
		4BFACFF21FA256E40012358E /* ViewController.swift */ = {isa = PBXFileReference; lastKnownFileType = sourcecode.swift; path = ViewController.swift; sourceTree = "<group>"; };
		4BFACFF51FA256E40012358E /* Base */ = {isa = PBXFileReference; lastKnownFileType = sourcecode.swift; name = Base; path = ../Controller/AlgorithmsController.swift; sourceTree = "<group>"; };
		4BFACFF71FA256E40012358E /* Assets.xcassets */ = {isa = PBXFileReference; lastKnownFileType = folder.assetcatalog; path = Assets.xcassets; sourceTree = "<group>"; };
		4BFACFFA1FA256E40012358E /* Base */ = {isa = PBXFileReference; lastKnownFileType = file.storyboard; name = Base; path = Base.lproj/LaunchScreen.storyboard; sourceTree = "<group>"; };
		4BFACFFC1FA256E40012358E /* Info.plist */ = {isa = PBXFileReference; lastKnownFileType = text.plist.xml; path = Info.plist; sourceTree = "<group>"; };
		4BFAD0081FA258640012358E /* Default-568h@2x.png */ = {isa = PBXFileReference; lastKnownFileType = image.png; name = "Default-568h@2x.png"; path = "../../Default-568h@2x.png"; sourceTree = "<group>"; };
		4BFAD0181FA25BB30012358E /* AppDelegate.swift */ = {isa = PBXFileReference; lastKnownFileType = sourcecode.swift; path = AppDelegate.swift; sourceTree = "<group>"; };
		4BFAD01C1FA25D050012358E /* AbstractionController.swift */ = {isa = PBXFileReference; lastKnownFileType = sourcecode.swift; path = AbstractionController.swift; sourceTree = "<group>"; };
		4BFAD01E1FA25D1D0012358E /* CreativityController.swift */ = {isa = PBXFileReference; lastKnownFileType = sourcecode.swift; path = CreativityController.swift; sourceTree = "<group>"; };
		4BFAD0201FA25D340012358E /* DataController.swift */ = {isa = PBXFileReference; lastKnownFileType = sourcecode.swift; path = DataController.swift; sourceTree = "<group>"; };
		4BFAD0221FA25D480012358E /* AlgorithmsController.swift */ = {isa = PBXFileReference; lastKnownFileType = sourcecode.swift; path = AlgorithmsController.swift; sourceTree = "<group>"; };
		4BFAD0241FA25D5A0012358E /* ProgrammingController.swift */ = {isa = PBXFileReference; lastKnownFileType = sourcecode.swift; path = ProgrammingController.swift; sourceTree = "<group>"; };
		4BFAD0261FA25D6A0012358E /* InternetMasterViewController.swift */ = {isa = PBXFileReference; lastKnownFileType = sourcecode.swift; path = InternetMasterViewController.swift; sourceTree = "<group>"; };
		4BFAD0281FA25D7B0012358E /* GlobalController.swift */ = {isa = PBXFileReference; lastKnownFileType = sourcecode.swift; path = GlobalController.swift; sourceTree = "<group>"; };
/* End PBXFileReference section */

/* Begin PBXFrameworksBuildPhase section */
		4BFACFEA1FA256E40012358E /* Frameworks */ = {
			isa = PBXFrameworksBuildPhase;
			buildActionMask = 2147483647;
			files = (
				4B89E5FA1FCF3B9F0006CC6A /* WebKit.framework in Frameworks */,
			);
			runOnlyForDeploymentPostprocessing = 0;
		};
/* End PBXFrameworksBuildPhase section */

/* Begin PBXGroup section */
		4B89E5F81FCF3B9F0006CC6A /* Frameworks */ = {
			isa = PBXGroup;
			children = (
				4B89E5F91FCF3B9F0006CC6A /* WebKit.framework */,
			);
			name = Frameworks;
			sourceTree = "<group>";
		};
		4BFACFE41FA256E40012358E = {
			isa = PBXGroup;
			children = (
				4BFACFEF1FA256E40012358E /* Dakota_CSP */,
				4BFACFEE1FA256E40012358E /* Products */,
				4B89E5F81FCF3B9F0006CC6A /* Frameworks */,
			);
			sourceTree = "<group>";
		};
		4BFACFEE1FA256E40012358E /* Products */ = {
			isa = PBXGroup;
			children = (
				4BFACFED1FA256E40012358E /* Dakota_CSP.app */,
			);
			name = Products;
			sourceTree = "<group>";
		};
		4BFACFEF1FA256E40012358E /* Dakota_CSP */ = {
			isa = PBXGroup;
			children = (
				4BFAD0051FA2571B0012358E /* Resources */,
				4BFAD0041FA257100012358E /* Model */,
				4BFAD0031FA2570A0012358E /* View */,
				4BFAD0021FA256F70012358E /* Controller */,
			);
			path = Dakota_CSP;
			sourceTree = "<group>";
		};
		4BFAD0021FA256F70012358E /* Controller */ = {
			isa = PBXGroup;
			children = (
				4BFACFF21FA256E40012358E /* ViewController.swift */,
				4BFAD0181FA25BB30012358E /* AppDelegate.swift */,
				4BFAD01E1FA25D1D0012358E /* CreativityController.swift */,
				4BFAD01C1FA25D050012358E /* AbstractionController.swift */,
				4BFAD0201FA25D340012358E /* DataController.swift */,
				4BFAD0221FA25D480012358E /* AlgorithmsController.swift */,
				4BFAD0241FA25D5A0012358E /* ProgrammingController.swift */,
				4BFAD0261FA25D6A0012358E /* InternetMasterViewController.swift */,
				4BFAD0281FA25D7B0012358E /* GlobalController.swift */,
				4B89E5F61FCF39A00006CC6A /* InternetDetailViewController.swift */,
			);
			path = Controller;
			sourceTree = "<group>";
		};
		4BFAD0031FA2570A0012358E /* View */ = {
			isa = PBXGroup;
			children = (
				4BFACFF91FA256E40012358E /* LaunchScreen.storyboard */,
				4BFACFF41FA256E40012358E /* Main.storyboard */,
			);
			path = View;
			sourceTree = "<group>";
		};
		4BFAD0041FA257100012358E /* Model */ = {
			isa = PBXGroup;
			children = (
				4B30B2531FC35FEA00533C01 /* Yeetable.swift */,
				4B30B2551FC3606B00533C01 /* Borker.swift */,
			);
			path = Model;
			sourceTree = "<group>";
		};
		4BFAD0051FA2571B0012358E /* Resources */ = {
			isa = PBXGroup;
			children = (
				4BFAD0081FA258640012358E /* Default-568h@2x.png */,
				4BFACFFC1FA256E40012358E /* Info.plist */,
				4BFACFF71FA256E40012358E /* Assets.xcassets */,
			);
			path = Resources;
			sourceTree = "<group>";
		};
/* End PBXGroup section */

/* Begin PBXNativeTarget section */
		4BFACFEC1FA256E40012358E /* Dakota_CSP */ = {
			isa = PBXNativeTarget;
			buildConfigurationList = 4BFACFFF1FA256E40012358E /* Build configuration list for PBXNativeTarget "Dakota_CSP" */;
			buildPhases = (
				4BFACFE91FA256E40012358E /* Sources */,
				4BFACFEA1FA256E40012358E /* Frameworks */,
				4BFACFEB1FA256E40012358E /* Resources */,
			);
			buildRules = (
			);
			dependencies = (
			);
			name = Dakota_CSP;
			productName = Dakota_CSP;
			productReference = 4BFACFED1FA256E40012358E /* Dakota_CSP.app */;
			productType = "com.apple.product-type.application";
		};
/* End PBXNativeTarget section */

/* Begin PBXProject section */
		4BFACFE51FA256E40012358E /* Project object */ = {
			isa = PBXProject;
			attributes = {
				LastSwiftUpdateCheck = 0900;
				LastUpgradeCheck = 0900;
				ORGANIZATIONNAME = CTEC;
				TargetAttributes = {
					4BFACFEC1FA256E40012358E = {
						CreatedOnToolsVersion = 9.0;
						ProvisioningStyle = Automatic;
					};
				};
			};
			buildConfigurationList = 4BFACFE81FA256E40012358E /* Build configuration list for PBXProject "Dakota_CSP" */;
			compatibilityVersion = "Xcode 8.0";
			developmentRegion = en;
			hasScannedForEncodings = 0;
			knownRegions = (
				en,
				Base,
			);
			mainGroup = 4BFACFE41FA256E40012358E;
			productRefGroup = 4BFACFEE1FA256E40012358E /* Products */;
			projectDirPath = "";
			projectRoot = "";
			targets = (
				4BFACFEC1FA256E40012358E /* Dakota_CSP */,
			);
		};
/* End PBXProject section */

/* Begin PBXResourcesBuildPhase section */
		4BFACFEB1FA256E40012358E /* Resources */ = {
			isa = PBXResourcesBuildPhase;
			buildActionMask = 2147483647;
			files = (
				4BFACFFB1FA256E40012358E /* LaunchScreen.storyboard in Resources */,
				4BFAD0091FA258640012358E /* Default-568h@2x.png in Resources */,
				4BFACFF81FA256E40012358E /* Assets.xcassets in Resources */,
				4BFACFF61FA256E40012358E /* Main.storyboard in Resources */,
			);
			runOnlyForDeploymentPostprocessing = 0;
		};
/* End PBXResourcesBuildPhase section */

/* Begin PBXSourcesBuildPhase section */
		4BFACFE91FA256E40012358E /* Sources */ = {
			isa = PBXSourcesBuildPhase;
			buildActionMask = 2147483647;
			files = (
				4BFAD0271FA25D6A0012358E /* InternetMasterViewController.swift in Sources */,
				4B30B2561FC3606B00533C01 /* Borker.swift in Sources */,
				4BFAD0291FA25D7B0012358E /* GlobalController.swift in Sources */,
				4BFAD0211FA25D340012358E /* DataController.swift in Sources */,
				4B89E5F71FCF39A00006CC6A /* InternetDetailViewController.swift in Sources */,
				4BFAD0251FA25D5A0012358E /* ProgrammingController.swift in Sources */,
				4B30B2541FC35FEA00533C01 /* Yeetable.swift in Sources */,
				4BFAD0231FA25D480012358E /* AlgorithmsController.swift in Sources */,
				4BFAD01D1FA25D050012358E /* AbstractionController.swift in Sources */,
				4BFAD01F1FA25D1D0012358E /* CreativityController.swift in Sources */,
				4BFAD0191FA25BB30012358E /* AppDelegate.swift in Sources */,
				4BFACFF31FA256E40012358E /* ViewController.swift in Sources */,
			);
			runOnlyForDeploymentPostprocessing = 0;
		};
/* End PBXSourcesBuildPhase section */

/* Begin PBXVariantGroup section */
		4BFACFF41FA256E40012358E /* Main.storyboard */ = {
			isa = PBXVariantGroup;
			children = (
				4BFACFF51FA256E40012358E /* Base */,
			);
			name = Main.storyboard;
			sourceTree = "<group>";
		};
		4BFACFF91FA256E40012358E /* LaunchScreen.storyboard */ = {
			isa = PBXVariantGroup;
			children = (
				4BFACFFA1FA256E40012358E /* Base */,
			);
			name = LaunchScreen.storyboard;
			sourceTree = "<group>";
		};
/* End PBXVariantGroup section */

/* Begin XCBuildConfiguration section */
		4BFACFFD1FA256E40012358E /* Debug */ = {
			isa = XCBuildConfiguration;
			buildSettings = {
				ALWAYS_SEARCH_USER_PATHS = NO;
				CLANG_ANALYZER_NONNULL = YES;
				CLANG_ANALYZER_NUMBER_OBJECT_CONVERSION = YES_AGGRESSIVE;
				CLANG_CXX_LANGUAGE_STANDARD = "gnu++14";
				CLANG_CXX_LIBRARY = "libc++";
				CLANG_ENABLE_MODULES = YES;
				CLANG_ENABLE_OBJC_ARC = YES;
				CLANG_WARN_BLOCK_CAPTURE_AUTORELEASING = YES;
				CLANG_WARN_BOOL_CONVERSION = YES;
				CLANG_WARN_COMMA = YES;
				CLANG_WARN_CONSTANT_CONVERSION = YES;
				CLANG_WARN_DIRECT_OBJC_ISA_USAGE = YES_ERROR;
				CLANG_WARN_DOCUMENTATION_COMMENTS = YES;
				CLANG_WARN_EMPTY_BODY = YES;
				CLANG_WARN_ENUM_CONVERSION = YES;
				CLANG_WARN_INFINITE_RECURSION = YES;
				CLANG_WARN_INT_CONVERSION = YES;
				CLANG_WARN_NON_LITERAL_NULL_CONVERSION = YES;
				CLANG_WARN_OBJC_LITERAL_CONVERSION = YES;
				CLANG_WARN_OBJC_ROOT_CLASS = YES_ERROR;
				CLANG_WARN_RANGE_LOOP_ANALYSIS = YES;
				CLANG_WARN_STRICT_PROTOTYPES = YES;
				CLANG_WARN_SUSPICIOUS_MOVE = YES;
				CLANG_WARN_UNGUARDED_AVAILABILITY = YES_AGGRESSIVE;
				CLANG_WARN_UNREACHABLE_CODE = YES;
				CLANG_WARN__DUPLICATE_METHOD_MATCH = YES;
				CODE_SIGN_IDENTITY = "iPhone Developer";
				COPY_PHASE_STRIP = NO;
				DEBUG_INFORMATION_FORMAT = dwarf;
				ENABLE_STRICT_OBJC_MSGSEND = YES;
				ENABLE_TESTABILITY = YES;
				GCC_C_LANGUAGE_STANDARD = gnu11;
				GCC_DYNAMIC_NO_PIC = NO;
				GCC_NO_COMMON_BLOCKS = YES;
				GCC_OPTIMIZATION_LEVEL = 0;
				GCC_PREPROCESSOR_DEFINITIONS = (
					"DEBUG=1",
					"$(inherited)",
				);
				GCC_WARN_64_TO_32_BIT_CONVERSION = YES;
				GCC_WARN_ABOUT_RETURN_TYPE = YES_ERROR;
				GCC_WARN_UNDECLARED_SELECTOR = YES;
				GCC_WARN_UNINITIALIZED_AUTOS = YES_AGGRESSIVE;
				GCC_WARN_UNUSED_FUNCTION = YES;
				GCC_WARN_UNUSED_VARIABLE = YES;
				IPHONEOS_DEPLOYMENT_TARGET = 11.0;
				MTL_ENABLE_DEBUG_INFO = YES;
				ONLY_ACTIVE_ARCH = YES;
				SDKROOT = iphoneos;
				SWIFT_ACTIVE_COMPILATION_CONDITIONS = DEBUG;
				SWIFT_OPTIMIZATION_LEVEL = "-Onone";
			};
			name = Debug;
		};
		4BFACFFE1FA256E40012358E /* Release */ = {
			isa = XCBuildConfiguration;
			buildSettings = {
				ALWAYS_SEARCH_USER_PATHS = NO;
				CLANG_ANALYZER_NONNULL = YES;
				CLANG_ANALYZER_NUMBER_OBJECT_CONVERSION = YES_AGGRESSIVE;
				CLANG_CXX_LANGUAGE_STANDARD = "gnu++14";
				CLANG_CXX_LIBRARY = "libc++";
				CLANG_ENABLE_MODULES = YES;
				CLANG_ENABLE_OBJC_ARC = YES;
				CLANG_WARN_BLOCK_CAPTURE_AUTORELEASING = YES;
				CLANG_WARN_BOOL_CONVERSION = YES;
				CLANG_WARN_COMMA = YES;
				CLANG_WARN_CONSTANT_CONVERSION = YES;
				CLANG_WARN_DIRECT_OBJC_ISA_USAGE = YES_ERROR;
				CLANG_WARN_DOCUMENTATION_COMMENTS = YES;
				CLANG_WARN_EMPTY_BODY = YES;
				CLANG_WARN_ENUM_CONVERSION = YES;
				CLANG_WARN_INFINITE_RECURSION = YES;
				CLANG_WARN_INT_CONVERSION = YES;
				CLANG_WARN_NON_LITERAL_NULL_CONVERSION = YES;
				CLANG_WARN_OBJC_LITERAL_CONVERSION = YES;
				CLANG_WARN_OBJC_ROOT_CLASS = YES_ERROR;
				CLANG_WARN_RANGE_LOOP_ANALYSIS = YES;
				CLANG_WARN_STRICT_PROTOTYPES = YES;
				CLANG_WARN_SUSPICIOUS_MOVE = YES;
				CLANG_WARN_UNGUARDED_AVAILABILITY = YES_AGGRESSIVE;
				CLANG_WARN_UNREACHABLE_CODE = YES;
				CLANG_WARN__DUPLICATE_METHOD_MATCH = YES;
				CODE_SIGN_IDENTITY = "iPhone Developer";
				COPY_PHASE_STRIP = NO;
				DEBUG_INFORMATION_FORMAT = "dwarf-with-dsym";
				ENABLE_NS_ASSERTIONS = NO;
				ENABLE_STRICT_OBJC_MSGSEND = YES;
				GCC_C_LANGUAGE_STANDARD = gnu11;
				GCC_NO_COMMON_BLOCKS = YES;
				GCC_WARN_64_TO_32_BIT_CONVERSION = YES;
				GCC_WARN_ABOUT_RETURN_TYPE = YES_ERROR;
				GCC_WARN_UNDECLARED_SELECTOR = YES;
				GCC_WARN_UNINITIALIZED_AUTOS = YES_AGGRESSIVE;
				GCC_WARN_UNUSED_FUNCTION = YES;
				GCC_WARN_UNUSED_VARIABLE = YES;
				IPHONEOS_DEPLOYMENT_TARGET = 11.0;
				MTL_ENABLE_DEBUG_INFO = NO;
				SDKROOT = iphoneos;
				SWIFT_OPTIMIZATION_LEVEL = "-Owholemodule";
				VALIDATE_PRODUCT = YES;
			};
			name = Release;
		};
		4BFAD0001FA256E40012358E /* Debug */ = {
			isa = XCBuildConfiguration;
			buildSettings = {
				ASSETCATALOG_COMPILER_APPICON_NAME = AppIcon;
				CODE_SIGN_STYLE = Automatic;
				INFOPLIST_FILE = Dakota_CSP/Info.plist;
				LD_RUNPATH_SEARCH_PATHS = "$(inherited) @executable_path/Frameworks";
				PRODUCT_BUNDLE_IDENTIFIER = "CTEC.Dakota-CSP";
				PRODUCT_NAME = "$(TARGET_NAME)";
				SWIFT_VERSION = 4.0;
				TARGETED_DEVICE_FAMILY = "1,2";
			};
			name = Debug;
		};
		4BFAD0011FA256E40012358E /* Release */ = {
			isa = XCBuildConfiguration;
			buildSettings = {
				ASSETCATALOG_COMPILER_APPICON_NAME = AppIcon;
				CODE_SIGN_STYLE = Automatic;
				INFOPLIST_FILE = Dakota_CSP/Info.plist;
				LD_RUNPATH_SEARCH_PATHS = "$(inherited) @executable_path/Frameworks";
				PRODUCT_BUNDLE_IDENTIFIER = "CTEC.Dakota-CSP";
				PRODUCT_NAME = "$(TARGET_NAME)";
				SWIFT_VERSION = 4.0;
				TARGETED_DEVICE_FAMILY = "1,2";
			};
			name = Release;
		};
/* End XCBuildConfiguration section */

/* Begin XCConfigurationList section */
		4BFACFE81FA256E40012358E /* Build configuration list for PBXProject "Dakota_CSP" */ = {
			isa = XCConfigurationList;
			buildConfigurations = (
				4BFACFFD1FA256E40012358E /* Debug */,
				4BFACFFE1FA256E40012358E /* Release */,
			);
			defaultConfigurationIsVisible = 0;
			defaultConfigurationName = Release;
		};
		4BFACFFF1FA256E40012358E /* Build configuration list for PBXNativeTarget "Dakota_CSP" */ = {
			isa = XCConfigurationList;
			buildConfigurations = (
				4BFAD0001FA256E40012358E /* Debug */,
				4BFAD0011FA256E40012358E /* Release */,
			);
			defaultConfigurationIsVisible = 0;
			defaultConfigurationName = Release;
		};
/* End XCConfigurationList section */
	};
	rootObject = 4BFACFE51FA256E40012358E /* Project object */;
}
